
Microsoft Visual Studio Solution File, Format Version 12.00
# Visual Studio 2013
VisualStudioVersion = 12.0.21005.1
MinimumVisualStudioVersion = 10.0.40219.1
Project("{FAE04EC0-301F-11D3-BF4B-00C04F79EFBC}") = "Web", "Web\Web.csproj", "{E4282480-5FDF-40B1-A89B-2939644417CC}"
EndProject
Project("{FAE04EC0-301F-11D3-BF4B-00C04F79EFBC}") = "BLL", "BLL\BLL.csproj", "{3F56EB42-0C8B-4F0F-9C0E-93E9FF7C9D18}"
EndProject
Project("{FAE04EC0-301F-11D3-BF4B-00C04F79EFBC}") = "DALFactory", "DALFactory\DALFactory.csproj", "{E7CA07CC-F093-4C54-AE77-2548D4D2FD7B}"
EndProject
Project("{FAE04EC0-301F-11D3-BF4B-00C04F79EFBC}") = "IDAL", "IDAL\IDAL.csproj", "{456A9969-22FA-4FD5-84B8-13BECBB7D56C}"
EndProject
Project("{FAE04EC0-301F-11D3-BF4B-00C04F79EFBC}") = "Model", "Model\Model.csproj", "{B25F68EB-67A5-4BB3-A899-E79C98C0215A}"
EndProject
Project("{FAE04EC0-301F-11D3-BF4B-00C04F79EFBC}") = "DBUtility", "DBUtility\DBUtility.csproj", "{661B2D34-2FF4-4E47-A9AC-461F3460E67C}"
EndProject
Project("{FAE04EC0-301F-11D3-BF4B-00C04F79EFBC}") = "SQLServerDAL", "SQLServerDAL\SQLServerDAL.csproj", "{5D38379C-FF07-4EF3-B008-08B290D8EB1B}"
EndProject
Project("{FAE04EC0-301F-11D3-BF4B-00C04F79EFBC}") = "CommonCustom", "Common\CommonCustom.csproj", "{C8E09593-9ED0-4973-9F5B-70FC96970273}"
EndProject
Global
	GlobalSection(SolutionConfigurationPlatforms) = preSolution
		Debug|Any CPU = Debug|Any CPU
		Release|Any CPU = Release|Any CPU
	EndGlobalSection
	GlobalSection(ProjectConfigurationPlatforms) = postSolution
		{E4282480-5FDF-40B1-A89B-2939644417CC}.Debug|Any CPU.ActiveCfg = Debug|Any CPU
		{E4282480-5FDF-40B1-A89B-2939644417CC}.Debug|Any CPU.Build.0 = Debug|Any CPU
		{E4282480-5FDF-40B1-A89B-2939644417CC}.Release|Any CPU.ActiveCfg = Release|Any CPU
		{E4282480-5FDF-40B1-A89B-2939644417CC}.Release|Any CPU.Build.0 = Release|Any CPU
		{3F56EB42-0C8B-4F0F-9C0E-93E9FF7C9D18}.Debug|Any CPU.ActiveCfg = Debug|Any CPU
		{3F56EB42-0C8B-4F0F-9C0E-93E9FF7C9D18}.Debug|Any CPU.Build.0 = Debug|Any CPU
		{3F56EB42-0C8B-4F0F-9C0E-93E9FF7C9D18}.Release|Any CPU.ActiveCfg = Release|Any CPU
		{3F56EB42-0C8B-4F0F-9C0E-93E9FF7C9D18}.Release|Any CPU.Build.0 = Release|Any CPU
		{E7CA07CC-F093-4C54-AE77-2548D4D2FD7B}.Debug|Any CPU.ActiveCfg = Debug|Any CPU
		{E7CA07CC-F093-4C54-AE77-2548D4D2FD7B}.Debug|Any CPU.Build.0 = Debug|Any CPU
		{E7CA07CC-F093-4C54-AE77-2548D4D2FD7B}.Release|Any CPU.ActiveCfg = Release|Any CPU
		{E7CA07CC-F093-4C54-AE77-2548D4D2FD7B}.Release|Any CPU.Build.0 = Release|Any CPU
		{456A9969-22FA-4FD5-84B8-13BECBB7D56C}.Debug|Any CPU.ActiveCfg = Debug|Any CPU
		{456A9969-22FA-4FD5-84B8-13BECBB7D56C}.Debug|Any CPU.Build.0 = Debug|Any CPU
		{456A9969-22FA-4FD5-84B8-13BECBB7D56C}.Release|Any CPU.ActiveCfg = Release|Any CPU
		{456A9969-22FA-4FD5-84B8-13BECBB7D56C}.Release|Any CPU.Build.0 = Release|Any CPU
		{B25F68EB-67A5-4BB3-A899-E79C98C0215A}.Debug|Any CPU.ActiveCfg = Debug|Any CPU
		{B25F68EB-67A5-4BB3-A899-E79C98C0215A}.Debug|Any CPU.Build.0 = Debug|Any CPU
		{B25F68EB-67A5-4BB3-A899-E79C98C0215A}.Release|Any CPU.ActiveCfg = Release|Any CPU
		{B25F68EB-67A5-4BB3-A899-E79C98C0215A}.Release|Any CPU.Build.0 = Release|Any CPU
		{661B2D34-2FF4-4E47-A9AC-461F3460E67C}.Debug|Any CPU.ActiveCfg = Debug|Any CPU
		{661B2D34-2FF4-4E47-A9AC-461F3460E67C}.Debug|Any CPU.Build.0 = Debug|Any CPU
		{661B2D34-2FF4-4E47-A9AC-461F3460E67C}.Release|Any CPU.ActiveCfg = Release|Any CPU
		{661B2D34-2FF4-4E47-A9AC-461F3460E67C}.Release|Any CPU.Build.0 = Release|Any CPU
		{5D38379C-FF07-4EF3-B008-08B290D8EB1B}.Debug|Any CPU.ActiveCfg = Debug|Any CPU
		{5D38379C-FF07-4EF3-B008-08B290D8EB1B}.Debug|Any CPU.Build.0 = Debug|Any CPU
		{5D38379C-FF07-4EF3-B008-08B290D8EB1B}.Release|Any CPU.ActiveCfg = Release|Any CPU
		{5D38379C-FF07-4EF3-B008-08B290D8EB1B}.Release|Any CPU.Build.0 = Release|Any CPU
		{C8E09593-9ED0-4973-9F5B-70FC96970273}.Debug|Any CPU.ActiveCfg = Debug|Any CPU
		{C8E09593-9ED0-4973-9F5B-70FC96970273}.Debug|Any CPU.Build.0 = Debug|Any CPU
		{C8E09593-9ED0-4973-9F5B-70FC96970273}.Release|Any CPU.ActiveCfg = Release|Any CPU
		{C8E09593-9ED0-4973-9F5B-70FC96970273}.Release|Any CPU.Build.0 = Release|Any CPU
	EndGlobalSection
	GlobalSection(SolutionProperties) = preSolution
		HideSolutionNode = FALSE
	EndGlobalSection
EndGlobal
